
Microsoft Visual Studio Solution File, Format Version 12.00
# Visual Studio Version 17
VisualStudioVersion = 17.9.34902.65
MinimumVisualStudioVersion = 10.0.40219.1
Project("{9A19103F-16F7-4668-BE54-9A1E7A4F7556}") = "Agri-Energy Connect WebApp", "Agri-Energy Connect WebApp\Agri-Energy Connect WebApp.csproj", "{1551F007-6B18-409F-966C-5A9ECD6A5BA7}"
EndProject
Global
	GlobalSection(SolutionConfigurationPlatforms) = preSolution
		Debug|Any CPU = Debug|Any CPU
		Release|Any CPU = Release|Any CPU
	EndGlobalSection
	GlobalSection(ProjectConfigurationPlatforms) = postSolution
		{1551F007-6B18-409F-966C-5A9ECD6A5BA7}.Debug|Any CPU.ActiveCfg = Debug|Any CPU
		{1551F007-6B18-409F-966C-5A9ECD6A5BA7}.Debug|Any CPU.Build.0 = Debug|Any CPU
		{1551F007-6B18-409F-966C-5A9ECD6A5BA7}.Release|Any CPU.ActiveCfg = Release|Any CPU
		{1551F007-6B18-409F-966C-5A9ECD6A5BA7}.Release|Any CPU.Build.0 = Release|Any CPU
	EndGlobalSection
	GlobalSection(SolutionProperties) = preSolution
		HideSolutionNode = FALSE
	EndGlobalSection
	GlobalSection(ExtensibilityGlobals) = postSolution
		SolutionGuid = {D4C08DD4-A272-43EC-83BC-7D26BE5627FA}
	EndGlobalSection
EndGlobal
